github.com/andreykaipov/goobs v0.12.0 h1:EsV3QzqWO+FsrLFbzzKsZuHsdFAGp7F0nG9OiDWdaVs=
github.com/andreykaipov/goobs v0.12.0/go.mod h1:EqG73Uu/4npyhXIWWszgRelNkEeIz+d0slUT6NKWYs4=
github.com/buger/jsonparser v1.1.1 h1:2PnMjfWD7wBILjqQbt530v576A/cAbQvEW9gGIpYMUs=
github.com/buger/jsonparser v1.1.1/go.mod h1:6RYKKt7H4d4+iWqouImQ9R2FZql3VbhNgx27UK13J/0=
github.com/davecgh/go-spew v1.1.1 h1:vj9j/u1bqnvCEfJOwUhtlOARqs3+rkHYY13jYWTU97c=
github.com/gorilla/websocket v1.5.0 h1:PPwGk2jz7EePpoHN/+ClbZu8SPxiqlu12wZP/3sWmnc=
github.com/gorilla/websocket v1.5.0/go.mod h1:YR8l580nyteQvAITg2hZ9XVh4b55+EU/adAjf1fMHhE=
github.com/hashicorp/logutils v1.0.0 h1:dLEQVugN8vlakKOUE3ihGLTZJRB4j+M2cdTm/ORI65Y=
github.com/hashicorp/logutils v1.0.0/go.mod h1:QIAnNjmIWmVIIkWDTG1z5v++HQmx9WQRO+LraFDTW64=
github.com/kr/pretty v0.2.1/go.mod h1:ipq/a2n7PKx3OHsz4KJII5eveXtPO4qwEXGdVfWzfnI=
github.com/kr/pretty v0.3.1 h1:flRD4NNwYAUpkphVc1HcthR4KEIFJ65n8Mw5qdRn3LE=
github.com/kr/pty v1.1.1/go.mod h1:pFQYn66WHrOpPYNljwOMqo10TkYh1fy3cYio2l3bCsQ=
github.com/kr/text v0.1.0 h1:45sCR5RtlFHMR4UwH9sdQ5TC8v0qDQCHnXt+kaKSTVE=
github.com/kr/text v0.1.0/go.mod h1:4Jbv+DJW3UT/LiOwJeYQe1efqtUx/iVham/4vfdArNI=
github.com/linuxdeepin/go-x11-client v0.0.0-20230510022533-a3aa3b79297e h1:Knghu5Avf1+FUAjZwsiQ30M81C9DaQYZq1mS0OCXq5U=
github.com/linuxdeepin/go-x11-client v0.0.0-20230510022533-a3aa3b79297e/go.mod h1:KwpmRZ47A/0a2l9V0V6aTlkuNaqy5j1fOqMFJONuIMY=
github.com/multiverse-os/ansi v0.0.0-20230122075550-10efed87b9d4 h1:p+XBNkUPCBHf3fxTvcxGNZWNKIvBlTyVI33bgn/mBaw=
github.com/multiverse-os/ansi v0.0.0-20230122075550-10efed87b9d4/go.mod h1:PD6H6rUJ4GvsipdGr0+zxn2pxLA7NCXOLDhPt7mnd/E=
github.com/multiverse-os/ansi v0.0.0-20230212053502-2711fc61f14d h1:QrB5B1ejsycBqO32lnqdehSD/uuVdxa9g4Lc9ekGG98=
github.com/multiverse-os/ansi v0.0.0-20230212053502-2711fc61f14d/go.mod h1:PD6H6rUJ4GvsipdGr0+zxn2pxLA7NCXOLDhPt7mnd/E=
github.com/multiverse-os/banner v0.0.0-20230122081958-39bc0e2a3c54 h1:XTPa/8woBxT03a+zhkKFeMIscKcEdeX7shffveWcxjE=
github.com/multiverse-os/banner v0.0.0-20230122081958-39bc0e2a3c54/go.mod h1:iKsSBKiFih4XCe4D3z4W/USY/q1ZKCMSaUFWkU/F6j4=
github.com/multiverse-os/cli v0.0.0-20230212101701-e7017a44551d h1:JfuyR4Iqo/VBRtHe7E0Y74LahlnP9lgN9R3BVTkaVxg=
github.com/multiverse-os/cli v0.0.0-20230212101701-e7017a44551d/go.mod h1:bW/xdho0c1y3DxQgIf3ag4Zb34C3JV5svCnzLpzKO90=
github.com/multiverse-os/loading v0.0.0-20230205140225-67dcaf84ca47 h1:1Q+zcWmKXEy8UmUKolgQN2WyFxFdaTb8jQVnX6/6NEk=
github.com/multiverse-os/loading v0.0.0-20230205140225-67dcaf84ca47/go.mod h1:MHfsgTzzFt3DbzPhiDfxrMK0PNaG2JWt55CK8KkPXDU=
github.com/nu7hatch/gouuid v0.0.0-20131221200532-179d4d0c4d8d h1:VhgPp6v9qf9Agr/56bj7Y/xa04UccTW04VP0Qed4vnQ=
github.com/nu7hatch/gouuid v0.0.0-20131221200532-179d4d0c4d8d/go.mod h1:YUTz3bUH2ZwIWBy3CJBeOBEugqcmXREj14T+iG/4k4U=
github.com/pmezard/go-difflib v1.0.0 h1:4DBwDE0NGyQoBHbLQYPwSUPoCMWR5BEzIk/f1lZbAQM=
github.com/rogpeppe/go-internal v1.10.0 h1:TMyTOH3F/DB16zRVcYyreMH6GnZZrwQVAoYjRBZyWFQ=
github.com/rogpeppe/go-internal v1.10.0/go.mod h1:UQnix2H7Ngw/k4C5ijL5+65zddjncjaFoBhdsK/akog=
github.com/stretchr/testify v1.7.0 h1:nwc3DEeHmmLAfoZucVR881uASk0Mfjw8xYJ99tb5CcY=
github.com/wade-welles/streamkit/x11 v0.0.0-20230514173244-6c800870f531 h1:R7uhKo+2Q7WmZ05uNzA1Q75K18iogetnY8Ozim+DTt4=
github.com/wade-welles/streamkit/x11 v0.0.0-20230514173244-6c800870f531/go.mod h1:55rSRMXxOkKyVqYSw2sL+zKxy9e7vdje6rB6Rbb7Fo8=
golang.org/x/sys v0.8.0 h1:EBmGv8NaZBZTWvrbjNoL6HVt+IVy3QDQpJs7VRIw3tU=
golang.org/x/sys v0.8.0/go.mod h1:oPkhp1MJrh7nUepCBck5+mAzfO9JrbApNNgaTdGDITg=
golang.org/x/term v0.8.0 h1:n5xxQn2i3PC0yLAbjTpNT85q/Kgzcr2gIoX9OrJUols=
golang.org/x/term v0.8.0/go.mod h1:xPskH00ivmX89bAKVGSKKtLOWNx2+17Eiy94tnKShWo=
gopkg.in/check.v1 v1.0.0-20201130134442-10cb98267c6c h1:Hei/4ADfdWqJk1ZMxUNpqntNwaWcugrBjAiHlqqRiVk=
gopkg.in/check.v1 v1.0.0-20201130134442-10cb98267c6c/go.mod h1:JHkPIbrfpd72SG/EVd6muEfDQjcINNoR0C8j2r3qZ4Q=
gopkg.in/yaml.v3 v3.0.1 h1:fxVm/GzAzEWqLHuvctI91KS9hhNmmWOoWu0XTYJS7CA=
